// !$*UTF8*$!
{
	archiveVersion = 1;
	classes = {
	};
	objectVersion = 46;
	objects = {

/* Begin PBXBuildFile section */
		4FCA731C1AA102CD0000F85E /* Foundation.framework in Frameworks */ = {isa = PBXBuildFile; fileRef = 4FCA731B1AA102CD0000F85E /* Foundation.framework */; };
		4FCA731E1AA102CD0000F85E /* CoreGraphics.framework in Frameworks */ = {isa = PBXBuildFile; fileRef = 4FCA731D1AA102CD0000F85E /* CoreGraphics.framework */; };
		4FCA73201AA102CD0000F85E /* UIKit.framework in Frameworks */ = {isa = PBXBuildFile; fileRef = 4FCA731F1AA102CD0000F85E /* UIKit.framework */; };
		4FCA73261AA102CD0000F85E /* InfoPlist.strings in Resources */ = {isa = PBXBuildFile; fileRef = 4FCA73241AA102CD0000F85E /* InfoPlist.strings */; };
		4FCA73281AA102CD0000F85E /* main.m in Sources */ = {isa = PBXBuildFile; fileRef = 4FCA73271AA102CD0000F85E /* main.m */; };
		4FCA732C1AA102CD0000F85E /* BPAppDelegate.m in Sources */ = {isa = PBXBuildFile; fileRef = 4FCA732B1AA102CD0000F85E /* BPAppDelegate.m */; };
		4FCA732F1AA102CD0000F85E /* Main.storyboard in Resources */ = {isa = PBXBuildFile; fileRef = 4FCA732D1AA102CD0000F85E /* Main.storyboard */; };
		4FCA73321AA102CD0000F85E /* BPViewController.m in Sources */ = {isa = PBXBuildFile; fileRef = 4FCA73311AA102CD0000F85E /* BPViewController.m */; };
		4FCA73341AA102CD0000F85E /* Images.xcassets in Resources */ = {isa = PBXBuildFile; fileRef = 4FCA73331AA102CD0000F85E /* Images.xcassets */; };
		4FCA733B1AA102CD0000F85E /* XCTest.framework in Frameworks */ = {isa = PBXBuildFile; fileRef = 4FCA733A1AA102CD0000F85E /* XCTest.framework */; };
		4FCA733C1AA102CD0000F85E /* Foundation.framework in Frameworks */ = {isa = PBXBuildFile; fileRef = 4FCA731B1AA102CD0000F85E /* Foundation.framework */; };
		4FCA733D1AA102CD0000F85E /* UIKit.framework in Frameworks */ = {isa = PBXBuildFile; fileRef = 4FCA731F1AA102CD0000F85E /* UIKit.framework */; };
		4FCA73451AA102CD0000F85E /* InfoPlist.strings in Resources */ = {isa = PBXBuildFile; fileRef = 4FCA73431AA102CD0000F85E /* InfoPlist.strings */; };
		4FCA73471AA102CD0000F85E /* UITableViewController_Challenge_SolutionTests.m in Sources */ = {isa = PBXBuildFile; fileRef = 4FCA73461AA102CD0000F85E /* UITableViewController_Challenge_SolutionTests.m */; };
/* End PBXBuildFile section */

/* Begin PBXContainerItemProxy section */
		4FCA733E1AA102CD0000F85E /* PBXContainerItemProxy */ = {
			isa = PBXContainerItemProxy;
			containerPortal = 4FCA73101AA102CD0000F85E /* Project object */;
			proxyType = 1;
			remoteGlobalIDString = 4FCA73171AA102CD0000F85E;
			remoteInfo = "UITableViewController Challenge Solution";
		};
/* End PBXContainerItemProxy section */

/* Begin PBXFileReference section */
		4FCA73181AA102CD0000F85E /* UITableViewController Challenge Solution.app */ = {isa = PBXFileReference; explicitFileType = wrapper.application; includeInIndex = 0; path = "UITableViewController Challenge Solution.app"; sourceTree = BUILT_PRODUCTS_DIR; };
		4FCA731B1AA102CD0000F85E /* Foundation.framework */ = {isa = PBXFileReference; lastKnownFileType = wrapper.framework; name = Foundation.framework; path = System/Library/Frameworks/Foundation.framework; sourceTree = SDKROOT; };
		4FCA731D1AA102CD0000F85E /* CoreGraphics.framework */ = {isa = PBXFileReference; lastKnownFileType = wrapper.framework; name = CoreGraphics.framework; path = System/Library/Frameworks/CoreGraphics.framework; sourceTree = SDKROOT; };
		4FCA731F1AA102CD0000F85E /* UIKit.framework */ = {isa = PBXFileReference; lastKnownFileType = wrapper.framework; name = UIKit.framework; path = System/Library/Frameworks/UIKit.framework; sourceTree = SDKROOT; };
		4FCA73231AA102CD0000F85E /* UITableViewController Challenge Solution-Info.plist */ = {isa = PBXFileReference; lastKnownFileType = text.plist.xml; path = "UITableViewController Challenge Solution-Info.plist"; sourceTree = "<group>"; };
		4FCA73251AA102CD0000F85E /* en */ = {isa = PBXFileReference; lastKnownFileType = text.plist.strings; name = en; path = en.lproj/InfoPlist.strings; sourceTree = "<group>"; };
		4FCA73271AA102CD0000F85E /* main.m */ = {isa = PBXFileReference; lastKnownFileType = sourcecode.c.objc; path = main.m; sourceTree = "<group>"; };
		4FCA73291AA102CD0000F85E /* UITableViewController Challenge Solution-Prefix.pch */ = {isa = PBXFileReference; lastKnownFileType = sourcecode.c.h; path = "UITableViewController Challenge Solution-Prefix.pch"; sourceTree = "<group>"; };
		4FCA732A1AA102CD0000F85E /* BPAppDelegate.h */ = {isa = PBXFileReference; lastKnownFileType = sourcecode.c.h; path = BPAppDelegate.h; sourceTree = "<group>"; };
		4FCA732B1AA102CD0000F85E /* BPAppDelegate.m */ = {isa = PBXFileReference; lastKnownFileType = sourcecode.c.objc; path = BPAppDelegate.m; sourceTree = "<group>"; };
		4FCA732E1AA102CD0000F85E /* Base */ = {isa = PBXFileReference; lastKnownFileType = file.storyboard; name = Base; path = Base.lproj/Main.storyboard; sourceTree = "<group>"; };
		4FCA73301AA102CD0000F85E /* BPViewController.h */ = {isa = PBXFileReference; lastKnownFileType = sourcecode.c.h; path = BPViewController.h; sourceTree = "<group>"; };
		4FCA73311AA102CD0000F85E /* BPViewController.m */ = {isa = PBXFileReference; lastKnownFileType = sourcecode.c.objc; path = BPViewController.m; sourceTree = "<group>"; };
		4FCA73331AA102CD0000F85E /* Images.xcassets */ = {isa = PBXFileReference; lastKnownFileType = folder.assetcatalog; path = Images.xcassets; sourceTree = "<group>"; };
		4FCA73391AA102CD0000F85E /* UITableViewController Challenge SolutionTests.xctest */ = {isa = PBXFileReference; explicitFileType = wrapper.cfbundle; includeInIndex = 0; path = "UITableViewController Challenge SolutionTests.xctest"; sourceTree = BUILT_PRODUCTS_DIR; };
		4FCA733A1AA102CD0000F85E /* XCTest.framework */ = {isa = PBXFileReference; lastKnownFileType = wrapper.framework; name = XCTest.framework; path = Library/Frameworks/XCTest.framework; sourceTree = DEVELOPER_DIR; };
		4FCA73421AA102CD0000F85E /* UITableViewController Challenge SolutionTests-Info.plist */ = {isa = PBXFileReference; lastKnownFileType = text.plist.xml; path = "UITableViewController Challenge SolutionTests-Info.plist"; sourceTree = "<group>"; };
		4FCA73441AA102CD0000F85E /* en */ = {isa = PBXFileReference; lastKnownFileType = text.plist.strings; name = en; path = en.lproj/InfoPlist.strings; sourceTree = "<group>"; };
		4FCA73461AA102CD0000F85E /* UITableViewController_Challenge_SolutionTests.m */ = {isa = PBXFileReference; lastKnownFileType = sourcecode.c.objc; path = UITableViewController_Challenge_SolutionTests.m; sourceTree = "<group>"; };
/* End PBXFileReference section */

/* Begin PBXFrameworksBuildPhase section */
		4FCA73151AA102CD0000F85E /* Frameworks */ = {
			isa = PBXFrameworksBuildPhase;
			buildActionMask = 2147483647;
			files = (
				4FCA731E1AA102CD0000F85E /* CoreGraphics.framework in Frameworks */,
				4FCA73201AA102CD0000F85E /* UIKit.framework in Frameworks */,
				4FCA731C1AA102CD0000F85E /* Foundation.framework in Frameworks */,
			);
			runOnlyForDeploymentPostprocessing = 0;
		};
		4FCA73361AA102CD0000F85E /* Frameworks */ = {
			isa = PBXFrameworksBuildPhase;
			buildActionMask = 2147483647;
			files = (
				4FCA733B1AA102CD0000F85E /* XCTest.framework in Frameworks */,
				4FCA733D1AA102CD0000F85E /* UIKit.framework in Frameworks */,
				4FCA733C1AA102CD0000F85E /* Foundation.framework in Frameworks */,
			);
			runOnlyForDeploymentPostprocessing = 0;
		};
/* End PBXFrameworksBuildPhase section */

/* Begin PBXGroup section */
		4FCA730F1AA102CD0000F85E = {
			isa = PBXGroup;
			children = (
				4FCA73211AA102CD0000F85E /* UITableViewController Challenge Solution */,
				4FCA73401AA102CD0000F85E /* UITableViewController Challenge SolutionTests */,
				4FCA731A1AA102CD0000F85E /* Frameworks */,
				4FCA73191AA102CD0000F85E /* Products */,
			);
			sourceTree = "<group>";
		};
		4FCA73191AA102CD0000F85E /* Products */ = {
			isa = PBXGroup;
			children = (
				4FCA73181AA102CD0000F85E /* UITableViewController Challenge Solution.app */,
				4FCA73391AA102CD0000F85E /* UITableViewController Challenge SolutionTests.xctest */,
			);
			name = Products;
			sourceTree = "<group>";
		};
		4FCA731A1AA102CD0000F85E /* Frameworks */ = {
			isa = PBXGroup;
			children = (
				4FCA731B1AA102CD0000F85E /* Foundation.framework */,
				4FCA731D1AA102CD0000F85E /* CoreGraphics.framework */,
				4FCA731F1AA102CD0000F85E /* UIKit.framework */,
				4FCA733A1AA102CD0000F85E /* XCTest.framework */,
			);
			name = Frameworks;
			sourceTree = "<group>";
		};
		4FCA73211AA102CD0000F85E /* UITableViewController Challenge Solution */ = {
			isa = PBXGroup;
			children = (
				4FCA732A1AA102CD0000F85E /* BPAppDelegate.h */,
				4FCA732B1AA102CD0000F85E /* BPAppDelegate.m */,
				4FCA732D1AA102CD0000F85E /* Main.storyboard */,
				4FCA73301AA102CD0000F85E /* BPViewController.h */,
				4FCA73311AA102CD0000F85E /* BPViewController.m */,
				4FCA73331AA102CD0000F85E /* Images.xcassets */,
				4FCA73221AA102CD0000F85E /* Supporting Files */,
			);
			path = "UITableViewController Challenge Solution";
			sourceTree = "<group>";
		};
		4FCA73221AA102CD0000F85E /* Supporting Files */ = {
			isa = PBXGroup;
			children = (
				4FCA73231AA102CD0000F85E /* UITableViewController Challenge Solution-Info.plist */,
				4FCA73241AA102CD0000F85E /* InfoPlist.strings */,
				4FCA73271AA102CD0000F85E /* main.m */,
				4FCA73291AA102CD0000F85E /* UITableViewController Challenge Solution-Prefix.pch */,
			);
			name = "Supporting Files";
			sourceTree = "<group>";
		};
		4FCA73401AA102CD0000F85E /* UITableViewController Challenge SolutionTests */ = {
			isa = PBXGroup;
			children = (
				4FCA73461AA102CD0000F85E /* UITableViewController_Challenge_SolutionTests.m */,
				4FCA73411AA102CD0000F85E /* Supporting Files */,
			);
			path = "UITableViewController Challenge SolutionTests";
			sourceTree = "<group>";
		};
		4FCA73411AA102CD0000F85E /* Supporting Files */ = {
			isa = PBXGroup;
			children = (
				4FCA73421AA102CD0000F85E /* UITableViewController Challenge SolutionTests-Info.plist */,
				4FCA73431AA102CD0000F85E /* InfoPlist.strings */,
			);
			name = "Supporting Files";
			sourceTree = "<group>";
		};
/* End PBXGroup section */

/* Begin PBXNativeTarget section */
		4FCA73171AA102CD0000F85E /* UITableViewController Challenge Solution */ = {
			isa = PBXNativeTarget;
			buildConfigurationList = 4FCA734A1AA102CD0000F85E /* Build configuration list for PBXNativeTarget "UITableViewController Challenge Solution" */;
			buildPhases = (
				4FCA73141AA102CD0000F85E /* Sources */,
				4FCA73151AA102CD0000F85E /* Frameworks */,
				4FCA73161AA102CD0000F85E /* Resources */,
			);
			buildRules = (
			);
			dependencies = (
			);
			name = "UITableViewController Challenge Solution";
			productName = "UITableViewController Challenge Solution";
			productReference = 4FCA73181AA102CD0000F85E /* UITableViewController Challenge Solution.app */;
			productType = "com.apple.product-type.application";
		};
		4FCA73381AA102CD0000F85E /* UITableViewController Challenge SolutionTests */ = {
			isa = PBXNativeTarget;
			buildConfigurationList = 4FCA734D1AA102CD0000F85E /* Build configuration list for PBXNativeTarget "UITableViewController Challenge SolutionTests" */;
			buildPhases = (
				4FCA73351AA102CD0000F85E /* Sources */,
				4FCA73361AA102CD0000F85E /* Frameworks */,
				4FCA73371AA102CD0000F85E /* Resources */,
			);
			buildRules = (
			);
			dependencies = (
				4FCA733F1AA102CD0000F85E /* PBXTargetDependency */,
			);
			name = "UITableViewController Challenge SolutionTests";
			productName = "UITableViewController Challenge SolutionTests";
			productReference = 4FCA73391AA102CD0000F85E /* UITableViewController Challenge SolutionTests.xctest */;
			productType = "com.apple.product-type.bundle.unit-test";
		};
/* End PBXNativeTarget section */

/* Begin PBXProject section */
		4FCA73101AA102CD0000F85E /* Project object */ = {
			isa = PBXProject;
			attributes = {
				CLASSPREFIX = BP;
				LastUpgradeCheck = 0510;
				TargetAttributes = {
					4FCA73381AA102CD0000F85E = {
						TestTargetID = 4FCA73171AA102CD0000F85E;
					};
				};
			};
			buildConfigurationList = 4FCA73131AA102CD0000F85E /* Build configuration list for PBXProject "UITableViewController Challenge Solution" */;
			compatibilityVersion = "Xcode 3.2";
			developmentRegion = English;
			hasScannedForEncodings = 0;
			knownRegions = (
				en,
				Base,
			);
			mainGroup = 4FCA730F1AA102CD0000F85E;
			productRefGroup = 4FCA73191AA102CD0000F85E /* Products */;
			projectDirPath = "";
			projectRoot = "";
			targets = (
				4FCA73171AA102CD0000F85E /* UITableViewController Challenge Solution */,
				4FCA73381AA102CD0000F85E /* UITableViewController Challenge SolutionTests */,
			);
		};
/* End PBXProject section */

/* Begin PBXResourcesBuildPhase section */
		4FCA73161AA102CD0000F85E /* Resources */ = {
			isa = PBXResourcesBuildPhase;
			buildActionMask = 2147483647;
			files = (
				4FCA73341AA102CD0000F85E /* Images.xcassets in Resources */,
				4FCA73261AA102CD0000F85E /* InfoPlist.strings in Resources */,
				4FCA732F1AA102CD0000F85E /* Main.storyboard in Resources */,
			);
			runOnlyForDeploymentPostprocessing = 0;
		};
		4FCA73371AA102CD0000F85E /* Resources */ = {
			isa = PBXResourcesBuildPhase;
			buildActionMask = 2147483647;
			files = (
				4FCA73451AA102CD0000F85E /* InfoPlist.strings in Resources */,
			);
			runOnlyForDeploymentPostprocessing = 0;
		};
/* End PBXResourcesBuildPhase section */

/* Begin PBXSourcesBuildPhase section */
		4FCA73141AA102CD0000F85E /* Sources */ = {
			isa = PBXSourcesBuildPhase;
			buildActionMask = 2147483647;
			files = (
				4FCA73321AA102CD0000F85E /* BPViewController.m in Sources */,
				4FCA732C1AA102CD0000F85E /* BPAppDelegate.m in Sources */,
				4FCA73281AA102CD0000F85E /* main.m in Sources */,
			);
			runOnlyForDeploymentPostprocessing = 0;
		};
		4FCA73351AA102CD0000F85E /* Sources */ = {
			isa = PBXSourcesBuildPhase;
			buildActionMask = 2147483647;
			files = (
				4FCA73471AA102CD0000F85E /* UITableViewController_Challenge_SolutionTests.m in Sources */,
			);
			runOnlyForDeploymentPostprocessing = 0;
		};
/* End PBXSourcesBuildPhase section */

/* Begin PBXTargetDependency section */
		4FCA733F1AA102CD0000F85E /* PBXTargetDependency */ = {
			isa = PBXTargetDependency;
			target = 4FCA73171AA102CD0000F85E /* UITableViewController Challenge Solution */;
			targetProxy = 4FCA733E1AA102CD0000F85E /* PBXContainerItemProxy */;
		};
/* End PBXTargetDependency section */

/* Begin PBXVariantGroup section */
		4FCA73241AA102CD0000F85E /* InfoPlist.strings */ = {
			isa = PBXVariantGroup;
			children = (
				4FCA73251AA102CD0000F85E /* en */,
			);
			name = InfoPlist.strings;
			sourceTree = "<group>";
		};
		4FCA732D1AA102CD0000F85E /* Main.storyboard */ = {
			isa = PBXVariantGroup;
			children = (
				4FCA732E1AA102CD0000F85E /* Base */,
			);
			name = Main.storyboard;
			sourceTree = "<group>";
		};
		4FCA73431AA102CD0000F85E /* InfoPlist.strings */ = {
			isa = PBXVariantGroup;
			children = (
				4FCA73441AA102CD0000F85E /* en */,
			);
			name = InfoPlist.strings;
			sourceTree = "<group>";
		};
/* End PBXVariantGroup section */

/* Begin XCBuildConfiguration section */
		4FCA73481AA102CD0000F85E /* Debug */ = {
			isa = XCBuildConfiguration;
			buildSettings = {
				ALWAYS_SEARCH_USER_PATHS = NO;
				CLANG_CXX_LANGUAGE_STANDARD = "gnu++0x";
				CLANG_CXX_LIBRARY = "libc++";
				CLANG_ENABLE_MODULES = YES;
				CLANG_ENABLE_OBJC_ARC = YES;
				CLANG_WARN_BOOL_CONVERSION = YES;
				CLANG_WARN_CONSTANT_CONVERSION = YES;
				CLANG_WARN_DIRECT_OBJC_ISA_USAGE = YES_ERROR;
				CLANG_WARN_EMPTY_BODY = YES;
				CLANG_WARN_ENUM_CONVERSION = YES;
				CLANG_WARN_INT_CONVERSION = YES;
				CLANG_WARN_OBJC_ROOT_CLASS = YES_ERROR;
				CLANG_WARN__DUPLICATE_METHOD_MATCH = YES;
				"CODE_SIGN_IDENTITY[sdk=iphoneos*]" = "iPhone Developer";
				COPY_PHASE_STRIP = NO;
				GCC_C_LANGUAGE_STANDARD = gnu99;
				GCC_DYNAMIC_NO_PIC = NO;
				GCC_OPTIMIZATION_LEVEL = 0;
				GCC_PREPROCESSOR_DEFINITIONS = (
					"DEBUG=1",
					"$(inherited)",
				);
				GCC_SYMBOLS_PRIVATE_EXTERN = NO;
				GCC_WARN_64_TO_32_BIT_CONVERSION = YES;
				GCC_WARN_ABOUT_RETURN_TYPE = YES_ERROR;
				GCC_WARN_UNDECLARED_SELECTOR = YES;
				GCC_WARN_UNINITIALIZED_AUTOS = YES_AGGRESSIVE;
				GCC_WARN_UNUSED_FUNCTION = YES;
				GCC_WARN_UNUSED_VARIABLE = YES;
				IPHONEOS_DEPLOYMENT_TARGET = 7.1;
				ONLY_ACTIVE_ARCH = YES;
				SDKROOT = iphoneos;
			};
			name = Debug;
		};
		4FCA73491AA102CD0000F85E /* Release */ = {
			isa = XCBuildConfiguration;
			buildSettings = {
				ALWAYS_SEARCH_USER_PATHS = NO;
				CLANG_CXX_LANGUAGE_STANDARD = "gnu++0x";
				CLANG_CXX_LIBRARY = "libc++";
				CLANG_ENABLE_MODULES = YES;
				CLANG_ENABLE_OBJC_ARC = YES;
				CLANG_WARN_BOOL_CONVERSION = YES;
				CLANG_WARN_CONSTANT_CONVERSION = YES;
				CLANG_WARN_DIRECT_OBJC_ISA_USAGE = YES_ERROR;
				CLANG_WARN_EMPTY_BODY = YES;
				CLANG_WARN_ENUM_CONVERSION = YES;
				CLANG_WARN_INT_CONVERSION = YES;
				CLANG_WARN_OBJC_ROOT_CLASS = YES_ERROR;
				CLANG_WARN__DUPLICATE_METHOD_MATCH = YES;
				"CODE_SIGN_IDENTITY[sdk=iphoneos*]" = "iPhone Developer";
				COPY_PHASE_STRIP = YES;
				ENABLE_NS_ASSERTIONS = NO;
				GCC_C_LANGUAGE_STANDARD = gnu99;
				GCC_WARN_64_TO_32_BIT_CONVERSION = YES;
				GCC_WARN_ABOUT_RETURN_TYPE = YES_ERROR;
				GCC_WARN_UNDECLARED_SELECTOR = YES;
				GCC_WARN_UNINITIALIZED_AUTOS = YES_AGGRESSIVE;
				GCC_WARN_UNUSED_FUNCTION = YES;
				GCC_WARN_UNUSED_VARIABLE = YES;
				IPHONEOS_DEPLOYMENT_TARGET = 7.1;
				SDKROOT = iphoneos;
				VALIDATE_PRODUCT = YES;
			};
			name = Release;
		};
		4FCA734B1AA102CD0000F85E /* Debug */ = {
			isa = XCBuildConfiguration;
			buildSettings = {
				ASSETCATALOG_COMPILER_APPICON_NAME = AppIcon;
				ASSETCATALOG_COMPILER_LAUNCHIMAGE_NAME = LaunchImage;
				GCC_PRECOMPILE_PREFIX_HEADER = YES;
				GCC_PREFIX_HEADER = "UITableViewController Challenge Solution/UITableViewController Challenge Solution-Prefix.pch";
				INFOPLIST_FILE = "UITableViewController Challenge Solution/UITableViewController Challenge Solution-Info.plist";
				PRODUCT_NAME = "$(TARGET_NAME)";
				WRAPPER_EXTENSION = app;
			};
			name = Debug;
		};
		4FCA734C1AA102CD0000F85E /* Release */ = {
			isa = XCBuildConfiguration;
			buildSettings = {
				ASSETCATALOG_COMPILER_APPICON_NAME = AppIcon;
				ASSETCATALOG_COMPILER_LAUNCHIMAGE_NAME = LaunchImage;
				GCC_PRECOMPILE_PREFIX_HEADER = YES;
				GCC_PREFIX_HEADER = "UITableViewController Challenge Solution/UITableViewController Challenge Solution-Prefix.pch";
				INFOPLIST_FILE = "UITableViewController Challenge Solution/UITableViewController Challenge Solution-Info.plist";
				PRODUCT_NAME = "$(TARGET_NAME)";
				WRAPPER_EXTENSION = app;
			};
			name = Release;
		};
		4FCA734E1AA102CD0000F85E /* Debug */ = {
			isa = XCBuildConfiguration;
			buildSettings = {
				BUNDLE_LOADER = "$(BUILT_PRODUCTS_DIR)/UITableViewController Challenge Solution.app/UITableViewController Challenge Solution";
				FRAMEWORK_SEARCH_PATHS = (
					"$(SDKROOT)/Developer/Library/Frameworks",
					"$(inherited)",
					"$(DEVELOPER_FRAMEWORKS_DIR)",
				);
				GCC_PRECOMPILE_PREFIX_HEADER = YES;
				GCC_PREFIX_HEADER = "UITableViewController Challenge Solution/UITableViewController Challenge Solution-Prefix.pch";
				GCC_PREPROCESSOR_DEFINITIONS = (
					"DEBUG=1",
					"$(inherited)",
				);
				INFOPLIST_FILE = "UITableViewController Challenge SolutionTests/UITableViewController Challenge SolutionTests-Info.plist";
				PRODUCT_NAME = "$(TARGET_NAME)";
				TEST_HOST = "$(BUNDLE_LOADER)";
				WRAPPER_EXTENSION = xctest;
			};
			name = Debug;
		};
		4FCA734F1AA102CD0000F85E /* Release */ = {
			isa = XCBuildConfiguration;
			buildSettings = {
				BUNDLE_LOADER = "$(BUILT_PRODUCTS_DIR)/UITableViewController Challenge Solution.app/UITableViewController Challenge Solution";
				FRAMEWORK_SEARCH_PATHS = (
					"$(SDKROOT)/Developer/Library/Frameworks",
					"$(inherited)",
					"$(DEVELOPER_FRAMEWORKS_DIR)",
				);
				GCC_PRECOMPILE_PREFIX_HEADER = YES;
				GCC_PREFIX_HEADER = "UITableViewController Challenge Solution/UITableViewController Challenge Solution-Prefix.pch";
				INFOPLIST_FILE = "UITableViewController Challenge SolutionTests/UITableViewController Challenge SolutionTests-Info.plist";
				PRODUCT_NAME = "$(TARGET_NAME)";
				TEST_HOST = "$(BUNDLE_LOADER)";
				WRAPPER_EXTENSION = xctest;
			};
			name = Release;
		};
/* End XCBuildConfiguration section */

/* Begin XCConfigurationList section */
		4FCA73131AA102CD0000F85E /* Build configuration list for PBXProject "UITableViewController Challenge Solution" */ = {
			isa = XCConfigurationList;
			buildConfigurations = (
				4FCA73481AA102CD0000F85E /* Debug */,
				4FCA73491AA102CD0000F85E /* Release */,
			);
			defaultConfigurationIsVisible = 0;
			defaultConfigurationName = Release;
		};
		4FCA734A1AA102CD0000F85E /* Build configuration list for PBXNativeTarget "UITableViewController Challenge Solution" */ = {
			isa = XCConfigurationList;
			buildConfigurations = (
				4FCA734B1AA102CD0000F85E /* Debug */,
				4FCA734C1AA102CD0000F85E /* Release */,
			);
			defaultConfigurationIsVisible = 0;
		};
		4FCA734D1AA102CD0000F85E /* Build configuration list for PBXNativeTarget "UITableViewController Challenge SolutionTests" */ = {
			isa = XCConfigurationList;
			buildConfigurations = (
				4FCA734E1AA102CD0000F85E /* Debug */,
				4FCA734F1AA102CD0000F85E /* Release */,
			);
			defaultConfigurationIsVisible = 0;
		};
/* End XCConfigurationList section */
	};
	rootObject = 4FCA73101AA102CD0000F85E /* Project object */;
}
